
Microsoft Visual Studio Solution File, Format Version 12.00
# Visual Studio 15
VisualStudioVersion = 15.0.28307.572
MinimumVisualStudioVersion = 10.0.40219.1
Project("{8BC9CEB8-8B4A-11D0-8D11-00A0C91BC942}") = "스택구현", "스택구현\스택구현.vcxproj", "{E397E3FA-71E8-4663-9C2D-F747A5615F6B}"
EndProject
Global
	GlobalSection(SolutionConfigurationPlatforms) = preSolution
		Debug|x64 = Debug|x64
		Debug|x86 = Debug|x86
		Release|x64 = Release|x64
		Release|x86 = Release|x86
	EndGlobalSection
	GlobalSection(ProjectConfigurationPlatforms) = postSolution
		{E397E3FA-71E8-4663-9C2D-F747A5615F6B}.Debug|x64.ActiveCfg = Debug|x64
		{E397E3FA-71E8-4663-9C2D-F747A5615F6B}.Debug|x64.Build.0 = Debug|x64
		{E397E3FA-71E8-4663-9C2D-F747A5615F6B}.Debug|x86.ActiveCfg = Debug|Win32
		{E397E3FA-71E8-4663-9C2D-F747A5615F6B}.Debug|x86.Build.0 = Debug|Win32
		{E397E3FA-71E8-4663-9C2D-F747A5615F6B}.Release|x64.ActiveCfg = Release|x64
		{E397E3FA-71E8-4663-9C2D-F747A5615F6B}.Release|x64.Build.0 = Release|x64
		{E397E3FA-71E8-4663-9C2D-F747A5615F6B}.Release|x86.ActiveCfg = Release|Win32
		{E397E3FA-71E8-4663-9C2D-F747A5615F6B}.Release|x86.Build.0 = Release|Win32
	EndGlobalSection
	GlobalSection(SolutionProperties) = preSolution
		HideSolutionNode = FALSE
	EndGlobalSection
	GlobalSection(ExtensibilityGlobals) = postSolution
		SolutionGuid = {ACC065FE-FA8D-45F3-9FE4-83A55BE4367E}
	EndGlobalSection
EndGlobal
