
Microsoft Visual Studio Solution File, Format Version 12.00
# Visual Studio Version 16
VisualStudioVersion = 16.0.30011.22
MinimumVisualStudioVersion = 10.0.40219.1
Project("{8BC9CEB8-8B4A-11D0-8D11-00A0C91BC942}") = "순환문제 recursive", "순환문제 recursive\순환문제 recursive.vcxproj", "{7186C212-5E19-4C4E-8CCA-C2271A38E65D}"
EndProject
Global
	GlobalSection(SolutionConfigurationPlatforms) = preSolution
		Debug|x64 = Debug|x64
		Debug|x86 = Debug|x86
		Release|x64 = Release|x64
		Release|x86 = Release|x86
	EndGlobalSection
	GlobalSection(ProjectConfigurationPlatforms) = postSolution
		{7186C212-5E19-4C4E-8CCA-C2271A38E65D}.Debug|x64.ActiveCfg = Debug|x64
		{7186C212-5E19-4C4E-8CCA-C2271A38E65D}.Debug|x64.Build.0 = Debug|x64
		{7186C212-5E19-4C4E-8CCA-C2271A38E65D}.Debug|x86.ActiveCfg = Debug|Win32
		{7186C212-5E19-4C4E-8CCA-C2271A38E65D}.Debug|x86.Build.0 = Debug|Win32
		{7186C212-5E19-4C4E-8CCA-C2271A38E65D}.Release|x64.ActiveCfg = Release|x64
		{7186C212-5E19-4C4E-8CCA-C2271A38E65D}.Release|x64.Build.0 = Release|x64
		{7186C212-5E19-4C4E-8CCA-C2271A38E65D}.Release|x86.ActiveCfg = Release|Win32
		{7186C212-5E19-4C4E-8CCA-C2271A38E65D}.Release|x86.Build.0 = Release|Win32
	EndGlobalSection
	GlobalSection(SolutionProperties) = preSolution
		HideSolutionNode = FALSE
	EndGlobalSection
	GlobalSection(ExtensibilityGlobals) = postSolution
		SolutionGuid = {4598FEB5-ADB1-40F1-AE42-705AA6478AC2}
	EndGlobalSection
EndGlobal
