
Microsoft Visual Studio Solution File, Format Version 12.00
# Visual Studio Version 16
VisualStudioVersion = 16.0.30011.22
MinimumVisualStudioVersion = 10.0.40219.1
Project("{8BC9CEB8-8B4A-11D0-8D11-00A0C91BC942}") = "12-1", "char\char.vcxproj", "{31373EE2-7060-4416-9E7E-90AF6C10EEA8}"
EndProject
Project("{8BC9CEB8-8B4A-11D0-8D11-00A0C91BC942}") = "12-2", "12-2\12-2.vcxproj", "{7E12238D-1D88-4E22-85D1-474C1D5F2B2C}"
EndProject
Project("{8BC9CEB8-8B4A-11D0-8D11-00A0C91BC942}") = "12-3", "12-3\12-3.vcxproj", "{8B74C74F-8D24-44CD-956B-77B4C704C1D4}"
EndProject
Project("{8BC9CEB8-8B4A-11D0-8D11-00A0C91BC942}") = "12-4", "12-4\12-4.vcxproj", "{8E20AA48-2FD8-46E3-8173-4A64E3B61A72}"
EndProject
Project("{8BC9CEB8-8B4A-11D0-8D11-00A0C91BC942}") = "12-5", "12-5\12-5.vcxproj", "{88978A98-4A02-4DBD-BDF6-BECF09CD045E}"
EndProject
Project("{8BC9CEB8-8B4A-11D0-8D11-00A0C91BC942}") = "12-6", "12-6\12-6.vcxproj", "{6817964A-86E0-4487-9365-1F6C91088164}"
EndProject
Project("{8BC9CEB8-8B4A-11D0-8D11-00A0C91BC942}") = "12-7", "12-7\12-7.vcxproj", "{9D3E18D0-2D54-4143-9E4A-296A1794A97D}"
EndProject
Project("{8BC9CEB8-8B4A-11D0-8D11-00A0C91BC942}") = "12-8", "12-8\12-8.vcxproj", "{AF7D8752-AD48-485E-9428-7259E3C4E9E9}"
EndProject
Project("{8BC9CEB8-8B4A-11D0-8D11-00A0C91BC942}") = "12-9", "12-9\12-9.vcxproj", "{3C1FE1B9-B0F7-4508-A45A-1640A2F392EE}"
EndProject
Project("{8BC9CEB8-8B4A-11D0-8D11-00A0C91BC942}") = "12-10", "12-10\12-10.vcxproj", "{18523059-F992-4A87-BF4C-848BC0C5A3A4}"
EndProject
Global
	GlobalSection(SolutionConfigurationPlatforms) = preSolution
		Debug|x64 = Debug|x64
		Debug|x86 = Debug|x86
		Release|x64 = Release|x64
		Release|x86 = Release|x86
	EndGlobalSection
	GlobalSection(ProjectConfigurationPlatforms) = postSolution
		{31373EE2-7060-4416-9E7E-90AF6C10EEA8}.Debug|x64.ActiveCfg = Debug|x64
		{31373EE2-7060-4416-9E7E-90AF6C10EEA8}.Debug|x64.Build.0 = Debug|x64
		{31373EE2-7060-4416-9E7E-90AF6C10EEA8}.Debug|x86.ActiveCfg = Debug|Win32
		{31373EE2-7060-4416-9E7E-90AF6C10EEA8}.Debug|x86.Build.0 = Debug|Win32
		{31373EE2-7060-4416-9E7E-90AF6C10EEA8}.Release|x64.ActiveCfg = Release|x64
		{31373EE2-7060-4416-9E7E-90AF6C10EEA8}.Release|x64.Build.0 = Release|x64
		{31373EE2-7060-4416-9E7E-90AF6C10EEA8}.Release|x86.ActiveCfg = Release|Win32
		{31373EE2-7060-4416-9E7E-90AF6C10EEA8}.Release|x86.Build.0 = Release|Win32
		{7E12238D-1D88-4E22-85D1-474C1D5F2B2C}.Debug|x64.ActiveCfg = Debug|x64
		{7E12238D-1D88-4E22-85D1-474C1D5F2B2C}.Debug|x64.Build.0 = Debug|x64
		{7E12238D-1D88-4E22-85D1-474C1D5F2B2C}.Debug|x86.ActiveCfg = Debug|Win32
		{7E12238D-1D88-4E22-85D1-474C1D5F2B2C}.Debug|x86.Build.0 = Debug|Win32
		{7E12238D-1D88-4E22-85D1-474C1D5F2B2C}.Release|x64.ActiveCfg = Release|x64
		{7E12238D-1D88-4E22-85D1-474C1D5F2B2C}.Release|x64.Build.0 = Release|x64
		{7E12238D-1D88-4E22-85D1-474C1D5F2B2C}.Release|x86.ActiveCfg = Release|Win32
		{7E12238D-1D88-4E22-85D1-474C1D5F2B2C}.Release|x86.Build.0 = Release|Win32
		{8B74C74F-8D24-44CD-956B-77B4C704C1D4}.Debug|x64.ActiveCfg = Debug|x64
		{8B74C74F-8D24-44CD-956B-77B4C704C1D4}.Debug|x64.Build.0 = Debug|x64
		{8B74C74F-8D24-44CD-956B-77B4C704C1D4}.Debug|x86.ActiveCfg = Debug|Win32
		{8B74C74F-8D24-44CD-956B-77B4C704C1D4}.Debug|x86.Build.0 = Debug|Win32
		{8B74C74F-8D24-44CD-956B-77B4C704C1D4}.Release|x64.ActiveCfg = Release|x64
		{8B74C74F-8D24-44CD-956B-77B4C704C1D4}.Release|x64.Build.0 = Release|x64
		{8B74C74F-8D24-44CD-956B-77B4C704C1D4}.Release|x86.ActiveCfg = Release|Win32
		{8B74C74F-8D24-44CD-956B-77B4C704C1D4}.Release|x86.Build.0 = Release|Win32
		{8E20AA48-2FD8-46E3-8173-4A64E3B61A72}.Debug|x64.ActiveCfg = Debug|x64
		{8E20AA48-2FD8-46E3-8173-4A64E3B61A72}.Debug|x64.Build.0 = Debug|x64
		{8E20AA48-2FD8-46E3-8173-4A64E3B61A72}.Debug|x86.ActiveCfg = Debug|Win32
		{8E20AA48-2FD8-46E3-8173-4A64E3B61A72}.Debug|x86.Build.0 = Debug|Win32
		{8E20AA48-2FD8-46E3-8173-4A64E3B61A72}.Release|x64.ActiveCfg = Release|x64
		{8E20AA48-2FD8-46E3-8173-4A64E3B61A72}.Release|x64.Build.0 = Release|x64
		{8E20AA48-2FD8-46E3-8173-4A64E3B61A72}.Release|x86.ActiveCfg = Release|Win32
		{8E20AA48-2FD8-46E3-8173-4A64E3B61A72}.Release|x86.Build.0 = Release|Win32
		{88978A98-4A02-4DBD-BDF6-BECF09CD045E}.Debug|x64.ActiveCfg = Debug|x64
		{88978A98-4A02-4DBD-BDF6-BECF09CD045E}.Debug|x64.Build.0 = Debug|x64
		{88978A98-4A02-4DBD-BDF6-BECF09CD045E}.Debug|x86.ActiveCfg = Debug|Win32
		{88978A98-4A02-4DBD-BDF6-BECF09CD045E}.Debug|x86.Build.0 = Debug|Win32
		{88978A98-4A02-4DBD-BDF6-BECF09CD045E}.Release|x64.ActiveCfg = Release|x64
		{88978A98-4A02-4DBD-BDF6-BECF09CD045E}.Release|x64.Build.0 = Release|x64
		{88978A98-4A02-4DBD-BDF6-BECF09CD045E}.Release|x86.ActiveCfg = Release|Win32
		{88978A98-4A02-4DBD-BDF6-BECF09CD045E}.Release|x86.Build.0 = Release|Win32
		{6817964A-86E0-4487-9365-1F6C91088164}.Debug|x64.ActiveCfg = Debug|x64
		{6817964A-86E0-4487-9365-1F6C91088164}.Debug|x64.Build.0 = Debug|x64
		{6817964A-86E0-4487-9365-1F6C91088164}.Debug|x86.ActiveCfg = Debug|Win32
		{6817964A-86E0-4487-9365-1F6C91088164}.Debug|x86.Build.0 = Debug|Win32
		{6817964A-86E0-4487-9365-1F6C91088164}.Release|x64.ActiveCfg = Release|x64
		{6817964A-86E0-4487-9365-1F6C91088164}.Release|x64.Build.0 = Release|x64
		{6817964A-86E0-4487-9365-1F6C91088164}.Release|x86.ActiveCfg = Release|Win32
		{6817964A-86E0-4487-9365-1F6C91088164}.Release|x86.Build.0 = Release|Win32
		{9D3E18D0-2D54-4143-9E4A-296A1794A97D}.Debug|x64.ActiveCfg = Debug|x64
		{9D3E18D0-2D54-4143-9E4A-296A1794A97D}.Debug|x64.Build.0 = Debug|x64
		{9D3E18D0-2D54-4143-9E4A-296A1794A97D}.Debug|x86.ActiveCfg = Debug|Win32
		{9D3E18D0-2D54-4143-9E4A-296A1794A97D}.Debug|x86.Build.0 = Debug|Win32
		{9D3E18D0-2D54-4143-9E4A-296A1794A97D}.Release|x64.ActiveCfg = Release|x64
		{9D3E18D0-2D54-4143-9E4A-296A1794A97D}.Release|x64.Build.0 = Release|x64
		{9D3E18D0-2D54-4143-9E4A-296A1794A97D}.Release|x86.ActiveCfg = Release|Win32
		{9D3E18D0-2D54-4143-9E4A-296A1794A97D}.Release|x86.Build.0 = Release|Win32
		{AF7D8752-AD48-485E-9428-7259E3C4E9E9}.Debug|x64.ActiveCfg = Debug|x64
		{AF7D8752-AD48-485E-9428-7259E3C4E9E9}.Debug|x64.Build.0 = Debug|x64
		{AF7D8752-AD48-485E-9428-7259E3C4E9E9}.Debug|x86.ActiveCfg = Debug|Win32
		{AF7D8752-AD48-485E-9428-7259E3C4E9E9}.Debug|x86.Build.0 = Debug|Win32
		{AF7D8752-AD48-485E-9428-7259E3C4E9E9}.Release|x64.ActiveCfg = Release|x64
		{AF7D8752-AD48-485E-9428-7259E3C4E9E9}.Release|x64.Build.0 = Release|x64
		{AF7D8752-AD48-485E-9428-7259E3C4E9E9}.Release|x86.ActiveCfg = Release|Win32
		{AF7D8752-AD48-485E-9428-7259E3C4E9E9}.Release|x86.Build.0 = Release|Win32
		{3C1FE1B9-B0F7-4508-A45A-1640A2F392EE}.Debug|x64.ActiveCfg = Debug|x64
		{3C1FE1B9-B0F7-4508-A45A-1640A2F392EE}.Debug|x64.Build.0 = Debug|x64
		{3C1FE1B9-B0F7-4508-A45A-1640A2F392EE}.Debug|x86.ActiveCfg = Debug|Win32
		{3C1FE1B9-B0F7-4508-A45A-1640A2F392EE}.Debug|x86.Build.0 = Debug|Win32
		{3C1FE1B9-B0F7-4508-A45A-1640A2F392EE}.Release|x64.ActiveCfg = Release|x64
		{3C1FE1B9-B0F7-4508-A45A-1640A2F392EE}.Release|x64.Build.0 = Release|x64
		{3C1FE1B9-B0F7-4508-A45A-1640A2F392EE}.Release|x86.ActiveCfg = Release|Win32
		{3C1FE1B9-B0F7-4508-A45A-1640A2F392EE}.Release|x86.Build.0 = Release|Win32
		{18523059-F992-4A87-BF4C-848BC0C5A3A4}.Debug|x64.ActiveCfg = Debug|x64
		{18523059-F992-4A87-BF4C-848BC0C5A3A4}.Debug|x64.Build.0 = Debug|x64
		{18523059-F992-4A87-BF4C-848BC0C5A3A4}.Debug|x86.ActiveCfg = Debug|Win32
		{18523059-F992-4A87-BF4C-848BC0C5A3A4}.Debug|x86.Build.0 = Debug|Win32
		{18523059-F992-4A87-BF4C-848BC0C5A3A4}.Release|x64.ActiveCfg = Release|x64
		{18523059-F992-4A87-BF4C-848BC0C5A3A4}.Release|x64.Build.0 = Release|x64
		{18523059-F992-4A87-BF4C-848BC0C5A3A4}.Release|x86.ActiveCfg = Release|Win32
		{18523059-F992-4A87-BF4C-848BC0C5A3A4}.Release|x86.Build.0 = Release|Win32
	EndGlobalSection
	GlobalSection(SolutionProperties) = preSolution
		HideSolutionNode = FALSE
	EndGlobalSection
	GlobalSection(ExtensibilityGlobals) = postSolution
		SolutionGuid = {F1D26E3F-FD5C-44FE-83EF-D92236120ED5}
	EndGlobalSection
EndGlobal
