
Microsoft Visual Studio Solution File, Format Version 12.00
# Visual Studio 15
VisualStudioVersion = 15.0.28307.572
MinimumVisualStudioVersion = 10.0.40219.1
Project("{8BC9CEB8-8B4A-11D0-8D11-00A0C91BC942}") = "Project6", "Project6\Project6.vcxproj", "{F55252F0-5E74-46AC-BE1E-977CFDA1401B}"
EndProject
Global
	GlobalSection(SolutionConfigurationPlatforms) = preSolution
		Debug|x64 = Debug|x64
		Debug|x86 = Debug|x86
		Release|x64 = Release|x64
		Release|x86 = Release|x86
	EndGlobalSection
	GlobalSection(ProjectConfigurationPlatforms) = postSolution
		{F55252F0-5E74-46AC-BE1E-977CFDA1401B}.Debug|x64.ActiveCfg = Debug|x64
		{F55252F0-5E74-46AC-BE1E-977CFDA1401B}.Debug|x64.Build.0 = Debug|x64
		{F55252F0-5E74-46AC-BE1E-977CFDA1401B}.Debug|x86.ActiveCfg = Debug|Win32
		{F55252F0-5E74-46AC-BE1E-977CFDA1401B}.Debug|x86.Build.0 = Debug|Win32
		{F55252F0-5E74-46AC-BE1E-977CFDA1401B}.Release|x64.ActiveCfg = Release|x64
		{F55252F0-5E74-46AC-BE1E-977CFDA1401B}.Release|x64.Build.0 = Release|x64
		{F55252F0-5E74-46AC-BE1E-977CFDA1401B}.Release|x86.ActiveCfg = Release|Win32
		{F55252F0-5E74-46AC-BE1E-977CFDA1401B}.Release|x86.Build.0 = Release|Win32
	EndGlobalSection
	GlobalSection(SolutionProperties) = preSolution
		HideSolutionNode = FALSE
	EndGlobalSection
	GlobalSection(ExtensibilityGlobals) = postSolution
		SolutionGuid = {B0D68442-6BD0-4043-9B31-EB12245BA18F}
	EndGlobalSection
EndGlobal
