
Microsoft Visual Studio Solution File, Format Version 12.00
# Visual Studio 15
VisualStudioVersion = 15.0.28307.572
MinimumVisualStudioVersion = 10.0.40219.1
Project("{8BC9CEB8-8B4A-11D0-8D11-00A0C91BC942}") = "newproject", "newproject\newproject.vcxproj", "{5B66E034-E4A9-417D-8CEC-10612F70E198}"
EndProject
Global
	GlobalSection(SolutionConfigurationPlatforms) = preSolution
		Debug|x64 = Debug|x64
		Debug|x86 = Debug|x86
		Release|x64 = Release|x64
		Release|x86 = Release|x86
	EndGlobalSection
	GlobalSection(ProjectConfigurationPlatforms) = postSolution
		{5B66E034-E4A9-417D-8CEC-10612F70E198}.Debug|x64.ActiveCfg = Debug|x64
		{5B66E034-E4A9-417D-8CEC-10612F70E198}.Debug|x64.Build.0 = Debug|x64
		{5B66E034-E4A9-417D-8CEC-10612F70E198}.Debug|x86.ActiveCfg = Debug|Win32
		{5B66E034-E4A9-417D-8CEC-10612F70E198}.Debug|x86.Build.0 = Debug|Win32
		{5B66E034-E4A9-417D-8CEC-10612F70E198}.Release|x64.ActiveCfg = Release|x64
		{5B66E034-E4A9-417D-8CEC-10612F70E198}.Release|x64.Build.0 = Release|x64
		{5B66E034-E4A9-417D-8CEC-10612F70E198}.Release|x86.ActiveCfg = Release|Win32
		{5B66E034-E4A9-417D-8CEC-10612F70E198}.Release|x86.Build.0 = Release|Win32
	EndGlobalSection
	GlobalSection(SolutionProperties) = preSolution
		HideSolutionNode = FALSE
	EndGlobalSection
	GlobalSection(ExtensibilityGlobals) = postSolution
		SolutionGuid = {64DC3D3A-BF2C-450A-B8F6-AC0D2E8F4C77}
	EndGlobalSection
EndGlobal
